# This file is autogenerated, do not edit; changes may be undone by the next 'dep ensure'.


[[projects]]
  branch = "master"
  name = "github.com/denisenkom/go-mssqldb"
  packages = [
    ".",
    "internal/cp"
  ]
  revision = "e32faac87a2220f9342289f2c3b567d1424b8ec5"

[[projects]]
  name = "github.com/google/uuid"
  packages = ["."]
  revision = "064e2069ce9c359c118179501254f67d7d37ba24"
  version = "0.2"

[[projects]]
  branch = "master"
  name = "github.com/jasontconnell/sqlhelp"
  packages = ["."]
  revision = "9375c25243c8cfb67dac36231d0dee13e01bccfa"

[[projects]]
  branch = "master"
  name = "golang.org/x/crypto"
  packages = ["md4"]
  revision = "db7d12313a59cd5b727192a287195e2cdfa40049"

[solve-meta]
  analyzer-name = "dep"
  analyzer-version = 1
  inputs-digest = "f42d3afebe57d39cb2337ae9814e03356da8c298a92de9326003c46e48509d6f"
  solver-name = "gps-cdcl"
  solver-version = 1
